PODS:
  - agora_rtm (1.5.9):
    - AgoraRtm_iOS (= 1.5.1)
    - Flutter
  - AgoraRtm_iOS (1.5.1)
  - Flutter (1.0.0)

DEPENDENCIES:
  - agora_rtm (from `.symlinks/plugins/agora_rtm/ios`)
  - Flutter (from `Flutter`)

SPEC REPOS:
  trunk:
    - AgoraRtm_iOS

EXTERNAL SOURCES:
  agora_rtm:
    :path: ".symlinks/plugins/agora_rtm/ios"
  Flutter:
    :path: Flutter

SPEC CHECKSUMS:
  agora_rtm: 51b5cef21d9d664563b9a420f2c59531b1ad3e4c
  AgoraRtm_iOS: 595a9fa33a409831e6183396ea8f8bc563918403
  Flutter: e0871f40cf51350855a761d2e70bf5af5b9b5de7

PODFILE CHECKSUM: 819463e6a0290f5a72f145ba7cde16e8b6ef0796

COCOAPODS: 1.15.2
